
Microsoft Visual Studio Solution File, Format Version 12.00
# Visual Studio Version 17
VisualStudioVersion = 17.14.36212.18
MinimumVisualStudioVersion = 10.0.40219.1
Project("{FAE04EC0-301F-11D3-BF4B-00C04F79EFBC}") = "Application", "Application\Application.csproj", "{8B4F8419-7547-4B81-A2F7-ABB46DE2E702}"
EndProject
Project("{FAE04EC0-301F-11D3-BF4B-00C04F79EFBC}") = "Domain", "Domain\Domain.csproj", "{748A08BF-C8EE-4897-877F-0C8426DD02CD}"
EndProject
Project("{FAE04EC0-301F-11D3-BF4B-00C04F79EFBC}") = "Infrastructure", "Infrastructure\Infrastructure.csproj", "{33EC8C18-31EE-445C-ABA1-2110FC278FC8}"
EndProject
Project("{FAE04EC0-301F-11D3-BF4B-00C04F79EFBC}") = "Skill-Matrix-2.0", "Skill-Matrix-2.0\Skill-Matrix-2.0.csproj", "{087A9487-DB17-4842-814F-3872ECAB2703}"
EndProject
Global
	GlobalSection(SolutionConfigurationPlatforms) = preSolution
		Debug|Any CPU = Debug|Any CPU
		Release|Any CPU = Release|Any CPU
	EndGlobalSection
	GlobalSection(ProjectConfigurationPlatforms) = postSolution
		{8B4F8419-7547-4B81-A2F7-ABB46DE2E702}.Debug|Any CPU.ActiveCfg = Debug|Any CPU
		{8B4F8419-7547-4B81-A2F7-ABB46DE2E702}.Debug|Any CPU.Build.0 = Debug|Any CPU
		{8B4F8419-7547-4B81-A2F7-ABB46DE2E702}.Release|Any CPU.ActiveCfg = Release|Any CPU
		{8B4F8419-7547-4B81-A2F7-ABB46DE2E702}.Release|Any CPU.Build.0 = Release|Any CPU
		{748A08BF-C8EE-4897-877F-0C8426DD02CD}.Debug|Any CPU.ActiveCfg = Debug|Any CPU
		{748A08BF-C8EE-4897-877F-0C8426DD02CD}.Debug|Any CPU.Build.0 = Debug|Any CPU
		{748A08BF-C8EE-4897-877F-0C8426DD02CD}.Release|Any CPU.ActiveCfg = Release|Any CPU
		{748A08BF-C8EE-4897-877F-0C8426DD02CD}.Release|Any CPU.Build.0 = Release|Any CPU
		{33EC8C18-31EE-445C-ABA1-2110FC278FC8}.Debug|Any CPU.ActiveCfg = Debug|Any CPU
		{33EC8C18-31EE-445C-ABA1-2110FC278FC8}.Debug|Any CPU.Build.0 = Debug|Any CPU
		{33EC8C18-31EE-445C-ABA1-2110FC278FC8}.Release|Any CPU.ActiveCfg = Release|Any CPU
		{33EC8C18-31EE-445C-ABA1-2110FC278FC8}.Release|Any CPU.Build.0 = Release|Any CPU
		{087A9487-DB17-4842-814F-3872ECAB2703}.Debug|Any CPU.ActiveCfg = Debug|Any CPU
		{087A9487-DB17-4842-814F-3872ECAB2703}.Debug|Any CPU.Build.0 = Debug|Any CPU
		{087A9487-DB17-4842-814F-3872ECAB2703}.Release|Any CPU.ActiveCfg = Release|Any CPU
		{087A9487-DB17-4842-814F-3872ECAB2703}.Release|Any CPU.Build.0 = Release|Any CPU
	EndGlobalSection
	GlobalSection(SolutionProperties) = preSolution
		HideSolutionNode = FALSE
	EndGlobalSection
	GlobalSection(ExtensibilityGlobals) = postSolution
		SolutionGuid = {36D6524C-5737-4453-BF32-3B030F38FD65}
	EndGlobalSection
EndGlobal
